
Microsoft Visual Studio Solution File, Format Version 12.00
# Visual Studio 14
VisualStudioVersion = 14.0.25420.1
MinimumVisualStudioVersion = 10.0.40219.1
Project("{FAE04EC0-301F-11D3-BF4B-00C04F79EFBC}") = "DAL", "DAL\DAL.csproj", "{A7406736-D6D2-45E8-877C-BDA4A313F85C}"
EndProject
Project("{FAE04EC0-301F-11D3-BF4B-00C04F79EFBC}") = "Site", "Site\Site.csproj", "{5D5CB3AD-38C6-4215-90ED-587F6B769EF0}"
EndProject
Global
	GlobalSection(SolutionConfigurationPlatforms) = preSolution
		Debug|Any CPU = Debug|Any CPU
		Release|Any CPU = Release|Any CPU
	EndGlobalSection
	GlobalSection(ProjectConfigurationPlatforms) = postSolution
		{A7406736-D6D2-45E8-877C-BDA4A313F85C}.Debug|Any CPU.ActiveCfg = Debug|Any CPU
		{A7406736-D6D2-45E8-877C-BDA4A313F85C}.Debug|Any CPU.Build.0 = Debug|Any CPU
		{A7406736-D6D2-45E8-877C-BDA4A313F85C}.Release|Any CPU.ActiveCfg = Release|Any CPU
		{A7406736-D6D2-45E8-877C-BDA4A313F85C}.Release|Any CPU.Build.0 = Release|Any CPU
		{5D5CB3AD-38C6-4215-90ED-587F6B769EF0}.Debug|Any CPU.ActiveCfg = Debug|Any CPU
		{5D5CB3AD-38C6-4215-90ED-587F6B769EF0}.Debug|Any CPU.Build.0 = Debug|Any CPU
		{5D5CB3AD-38C6-4215-90ED-587F6B769EF0}.Release|Any CPU.ActiveCfg = Release|Any CPU
		{5D5CB3AD-38C6-4215-90ED-587F6B769EF0}.Release|Any CPU.Build.0 = Release|Any CPU
	EndGlobalSection
	GlobalSection(SolutionProperties) = preSolution
		HideSolutionNode = FALSE
	EndGlobalSection
EndGlobal
